
Microsoft Visual Studio Solution File, Format Version 12.00
# Visual Studio Version 17
VisualStudioVersion = 17.2.32630.192
MinimumVisualStudioVersion = 10.0.40219.1
Project("{FAE04EC0-301F-11D3-BF4B-00C04F79EFBC}") = "TempMVC", "TempMVC\TempMVC.csproj", "{DFDB67B3-3E2D-4F3D-A26F-EE7C89658C90}"
EndProject
Global
	GlobalSection(SolutionConfigurationPlatforms) = preSolution
		Debug|Any CPU = Debug|Any CPU
		Release|Any CPU = Release|Any CPU
	EndGlobalSection
	GlobalSection(ProjectConfigurationPlatforms) = postSolution
		{DFDB67B3-3E2D-4F3D-A26F-EE7C89658C90}.Debug|Any CPU.ActiveCfg = Debug|Any CPU
		{DFDB67B3-3E2D-4F3D-A26F-EE7C89658C90}.Debug|Any CPU.Build.0 = Debug|Any CPU
		{DFDB67B3-3E2D-4F3D-A26F-EE7C89658C90}.Release|Any CPU.ActiveCfg = Release|Any CPU
		{DFDB67B3-3E2D-4F3D-A26F-EE7C89658C90}.Release|Any CPU.Build.0 = Release|Any CPU
	EndGlobalSection
	GlobalSection(SolutionProperties) = preSolution
		HideSolutionNode = FALSE
	EndGlobalSection
	GlobalSection(ExtensibilityGlobals) = postSolution
		SolutionGuid = {3EB552EC-9578-46D7-85CF-373A1485A845}
	EndGlobalSection
EndGlobal
